
Microsoft Visual Studio Solution File, Format Version 12.00
# Visual Studio 15
VisualStudioVersion = 15.0.28307.539
MinimumVisualStudioVersion = 10.0.40219.1
Project("{FAE04EC0-301F-11D3-BF4B-00C04F79EFBC}") = "WebStore", "WebStore\WebStore.csproj", "{A28B0EC3-5583-4EBB-888C-CD5C16A28699}"
EndProject
Global
	GlobalSection(SolutionConfigurationPlatforms) = preSolution
		Debug|Any CPU = Debug|Any CPU
		Release|Any CPU = Release|Any CPU
	EndGlobalSection
	GlobalSection(ProjectConfigurationPlatforms) = postSolution
		{A28B0EC3-5583-4EBB-888C-CD5C16A28699}.Debug|Any CPU.ActiveCfg = Debug|Any CPU
		{A28B0EC3-5583-4EBB-888C-CD5C16A28699}.Debug|Any CPU.Build.0 = Debug|Any CPU
		{A28B0EC3-5583-4EBB-888C-CD5C16A28699}.Release|Any CPU.ActiveCfg = Release|Any CPU
		{A28B0EC3-5583-4EBB-888C-CD5C16A28699}.Release|Any CPU.Build.0 = Release|Any CPU
	EndGlobalSection
	GlobalSection(SolutionProperties) = preSolution
		HideSolutionNode = FALSE
	EndGlobalSection
	GlobalSection(ExtensibilityGlobals) = postSolution
		SolutionGuid = {6A387695-DC79-4A73-A3C3-19DF7CA3A6FE}
	EndGlobalSection
EndGlobal
